// !$*UTF8*$!
{
	archiveVersion = 1;
	classes = {
	};
	objectVersion = 46;
	objects = {

/* Begin PBXBuildFile section */
		3AF6DE331E96165900345854 /* AppDelegate.swift in Sources */ = {isa = PBXBuildFile; fileRef = 3AF6DE321E96165900345854 /* AppDelegate.swift */; };
		3AF6DE351E96165900345854 /* ViewController.swift in Sources */ = {isa = PBXBuildFile; fileRef = 3AF6DE341E96165900345854 /* ViewController.swift */; };
		3AF6DE381E96165900345854 /* Main.storyboard in Resources */ = {isa = PBXBuildFile; fileRef = 3AF6DE361E96165900345854 /* Main.storyboard */; };
		3AF6DE3A1E96165900345854 /* Assets.xcassets in Resources */ = {isa = PBXBuildFile; fileRef = 3AF6DE391E96165900345854 /* Assets.xcassets */; };
		3AF6DE3D1E96165900345854 /* LaunchScreen.storyboard in Resources */ = {isa = PBXBuildFile; fileRef = 3AF6DE3B1E96165900345854 /* LaunchScreen.storyboard */; };
		3AF6DE451E962C7F00345854 /* TTTextFIeld.swift in Sources */ = {isa = PBXBuildFile; fileRef = 3AF6DE441E962C7F00345854 /* TTTextFIeld.swift */; };
		3AF6DE491E962CF700345854 /* YFInputViewController.swift in Sources */ = {isa = PBXBuildFile; fileRef = 3AF6DE481E962CF700345854 /* YFInputViewController.swift */; };
		3AF6DE4B1E962D2100345854 /* YFNumberPadView.swift in Sources */ = {isa = PBXBuildFile; fileRef = 3AF6DE4A1E962D2100345854 /* YFNumberPadView.swift */; };
		3AF6DE4E1E9631B000345854 /* YFKeyboardProtocol.swift in Sources */ = {isa = PBXBuildFile; fileRef = 3AF6DE4D1E9631B000345854 /* YFKeyboardProtocol.swift */; };
		3AF6DE511E963B6600345854 /* YFBaseKeyboard.swift in Sources */ = {isa = PBXBuildFile; fileRef = 3AF6DE501E963B6600345854 /* YFBaseKeyboard.swift */; };
/* End PBXBuildFile section */

/* Begin PBXFileReference section */
		3AF6DE2F1E96165900345854 /* TTNumberKeyboard.app */ = {isa = PBXFileReference; explicitFileType = wrapper.application; includeInIndex = 0; path = TTNumberKeyboard.app; sourceTree = BUILT_PRODUCTS_DIR; };
		3AF6DE321E96165900345854 /* AppDelegate.swift */ = {isa = PBXFileReference; lastKnownFileType = sourcecode.swift; path = AppDelegate.swift; sourceTree = "<group>"; };
		3AF6DE341E96165900345854 /* ViewController.swift */ = {isa = PBXFileReference; lastKnownFileType = sourcecode.swift; path = ViewController.swift; sourceTree = "<group>"; };
		3AF6DE371E96165900345854 /* Base */ = {isa = PBXFileReference; lastKnownFileType = file.storyboard; name = Base; path = Base.lproj/Main.storyboard; sourceTree = "<group>"; };
		3AF6DE391E96165900345854 /* Assets.xcassets */ = {isa = PBXFileReference; lastKnownFileType = folder.assetcatalog; path = Assets.xcassets; sourceTree = "<group>"; };
		3AF6DE3C1E96165900345854 /* Base */ = {isa = PBXFileReference; lastKnownFileType = file.storyboard; name = Base; path = Base.lproj/LaunchScreen.storyboard; sourceTree = "<group>"; };
		3AF6DE3E1E96165900345854 /* Info.plist */ = {isa = PBXFileReference; lastKnownFileType = text.plist.xml; path = Info.plist; sourceTree = "<group>"; };
		3AF6DE441E962C7F00345854 /* TTTextFIeld.swift */ = {isa = PBXFileReference; fileEncoding = 4; lastKnownFileType = sourcecode.swift; path = TTTextFIeld.swift; sourceTree = "<group>"; };
		3AF6DE481E962CF700345854 /* YFInputViewController.swift */ = {isa = PBXFileReference; fileEncoding = 4; lastKnownFileType = sourcecode.swift; path = YFInputViewController.swift; sourceTree = "<group>"; };
		3AF6DE4A1E962D2100345854 /* YFNumberPadView.swift */ = {isa = PBXFileReference; fileEncoding = 4; lastKnownFileType = sourcecode.swift; path = YFNumberPadView.swift; sourceTree = "<group>"; };
		3AF6DE4D1E9631B000345854 /* YFKeyboardProtocol.swift */ = {isa = PBXFileReference; fileEncoding = 4; lastKnownFileType = sourcecode.swift; path = YFKeyboardProtocol.swift; sourceTree = "<group>"; };
		3AF6DE501E963B6600345854 /* YFBaseKeyboard.swift */ = {isa = PBXFileReference; fileEncoding = 4; lastKnownFileType = sourcecode.swift; path = YFBaseKeyboard.swift; sourceTree = "<group>"; };
/* End PBXFileReference section */

/* Begin PBXFrameworksBuildPhase section */
		3AF6DE2C1E96165900345854 /* Frameworks */ = {
			isa = PBXFrameworksBuildPhase;
			buildActionMask = 2147483647;
			files = (
			);
			runOnlyForDeploymentPostprocessing = 0;
		};
/* End PBXFrameworksBuildPhase section */

/* Begin PBXGroup section */
		3AF6DE261E96165900345854 = {
			isa = PBXGroup;
			children = (
				3AF6DE311E96165900345854 /* TTNumberKeyboard */,
				3AF6DE301E96165900345854 /* Products */,
			);
			sourceTree = "<group>";
		};
		3AF6DE301E96165900345854 /* Products */ = {
			isa = PBXGroup;
			children = (
				3AF6DE2F1E96165900345854 /* TTNumberKeyboard.app */,
			);
			name = Products;
			sourceTree = "<group>";
		};
		3AF6DE311E96165900345854 /* TTNumberKeyboard */ = {
			isa = PBXGroup;
			children = (
				3AF6DE461E962CDE00345854 /* YFKeyBoard */,
				3AF6DE321E96165900345854 /* AppDelegate.swift */,
				3AF6DE341E96165900345854 /* ViewController.swift */,
				3AF6DE361E96165900345854 /* Main.storyboard */,
				3AF6DE391E96165900345854 /* Assets.xcassets */,
				3AF6DE3B1E96165900345854 /* LaunchScreen.storyboard */,
				3AF6DE3E1E96165900345854 /* Info.plist */,
				3AF6DE441E962C7F00345854 /* TTTextFIeld.swift */,
			);
			path = TTNumberKeyboard;
			sourceTree = "<group>";
		};
		3AF6DE461E962CDE00345854 /* YFKeyBoard */ = {
			isa = PBXGroup;
			children = (
				3AF6DE4C1E96315300345854 /* Abstract */,
				3AF6DE4F1E963AFE00345854 /* Base */,
				3AF6DE471E962CDE00345854 /* YFInputViewCOntroller */,
			);
			path = YFKeyBoard;
			sourceTree = "<group>";
		};
		3AF6DE471E962CDE00345854 /* YFInputViewCOntroller */ = {
			isa = PBXGroup;
			children = (
				3AF6DE481E962CF700345854 /* YFInputViewController.swift */,
				3AF6DE4A1E962D2100345854 /* YFNumberPadView.swift */,
			);
			path = YFInputViewCOntroller;
			sourceTree = "<group>";
		};
		3AF6DE4C1E96315300345854 /* Abstract */ = {
			isa = PBXGroup;
			children = (
				3AF6DE4D1E9631B000345854 /* YFKeyboardProtocol.swift */,
			);
			path = Abstract;
			sourceTree = "<group>";
		};
		3AF6DE4F1E963AFE00345854 /* Base */ = {
			isa = PBXGroup;
			children = (
				3AF6DE501E963B6600345854 /* YFBaseKeyboard.swift */,
			);
			path = Base;
			sourceTree = "<group>";
		};
/* End PBXGroup section */

/* Begin PBXNativeTarget section */
		3AF6DE2E1E96165900345854 /* TTNumberKeyboard */ = {
			isa = PBXNativeTarget;
			buildConfigurationList = 3AF6DE411E96165900345854 /* Build configuration list for PBXNativeTarget "TTNumberKeyboard" */;
			buildPhases = (
				3AF6DE2B1E96165900345854 /* Sources */,
				3AF6DE2C1E96165900345854 /* Frameworks */,
				3AF6DE2D1E96165900345854 /* Resources */,
			);
			buildRules = (
			);
			dependencies = (
			);
			name = TTNumberKeyboard;
			productName = TTNumberKeyboard;
			productReference = 3AF6DE2F1E96165900345854 /* TTNumberKeyboard.app */;
			productType = "com.apple.product-type.application";
		};
/* End PBXNativeTarget section */

/* Begin PBXProject section */
		3AF6DE271E96165900345854 /* Project object */ = {
			isa = PBXProject;
			attributes = {
				LastSwiftUpdateCheck = 0830;
				LastUpgradeCheck = 0830;
				ORGANIZATIONNAME = TTube;
				TargetAttributes = {
					3AF6DE2E1E96165900345854 = {
						CreatedOnToolsVersion = 8.3;
						ProvisioningStyle = Automatic;
					};
				};
			};
			buildConfigurationList = 3AF6DE2A1E96165900345854 /* Build configuration list for PBXProject "TTNumberKeyboard" */;
			compatibilityVersion = "Xcode 3.2";
			developmentRegion = English;
			hasScannedForEncodings = 0;
			knownRegions = (
				en,
				Base,
			);
			mainGroup = 3AF6DE261E96165900345854;
			productRefGroup = 3AF6DE301E96165900345854 /* Products */;
			projectDirPath = "";
			projectRoot = "";
			targets = (
				3AF6DE2E1E96165900345854 /* TTNumberKeyboard */,
			);
		};
/* End PBXProject section */

/* Begin PBXResourcesBuildPhase section */
		3AF6DE2D1E96165900345854 /* Resources */ = {
			isa = PBXResourcesBuildPhase;
			buildActionMask = 2147483647;
			files = (
				3AF6DE3D1E96165900345854 /* LaunchScreen.storyboard in Resources */,
				3AF6DE3A1E96165900345854 /* Assets.xcassets in Resources */,
				3AF6DE381E96165900345854 /* Main.storyboard in Resources */,
			);
			runOnlyForDeploymentPostprocessing = 0;
		};
/* End PBXResourcesBuildPhase section */

/* Begin PBXSourcesBuildPhase section */
		3AF6DE2B1E96165900345854 /* Sources */ = {
			isa = PBXSourcesBuildPhase;
			buildActionMask = 2147483647;
			files = (
				3AF6DE511E963B6600345854 /* YFBaseKeyboard.swift in Sources */,
				3AF6DE491E962CF700345854 /* YFInputViewController.swift in Sources */,
				3AF6DE4E1E9631B000345854 /* YFKeyboardProtocol.swift in Sources */,
				3AF6DE351E96165900345854 /* ViewController.swift in Sources */,
				3AF6DE331E96165900345854 /* AppDelegate.swift in Sources */,
				3AF6DE4B1E962D2100345854 /* YFNumberPadView.swift in Sources */,
				3AF6DE451E962C7F00345854 /* TTTextFIeld.swift in Sources */,
			);
			runOnlyForDeploymentPostprocessing = 0;
		};
/* End PBXSourcesBuildPhase section */

/* Begin PBXVariantGroup section */
		3AF6DE361E96165900345854 /* Main.storyboard */ = {
			isa = PBXVariantGroup;
			children = (
				3AF6DE371E96165900345854 /* Base */,
			);
			name = Main.storyboard;
			sourceTree = "<group>";
		};
		3AF6DE3B1E96165900345854 /* LaunchScreen.storyboard */ = {
			isa = PBXVariantGroup;
			children = (
				3AF6DE3C1E96165900345854 /* Base */,
			);
			name = LaunchScreen.storyboard;
			sourceTree = "<group>";
		};
/* End PBXVariantGroup section */

/* Begin XCBuildConfiguration section */
		3AF6DE3F1E96165900345854 /* Debug */ = {
			isa = XCBuildConfiguration;
			buildSettings = {
				ALWAYS_SEARCH_USER_PATHS = NO;
				CLANG_ANALYZER_NONNULL = YES;
				CLANG_ANALYZER_NUMBER_OBJECT_CONVERSION = YES_AGGRESSIVE;
				CLANG_CXX_LANGUAGE_STANDARD = "gnu++0x";
				CLANG_CXX_LIBRARY = "libc++";
				CLANG_ENABLE_MODULES = YES;
				CLANG_ENABLE_OBJC_ARC = YES;
				CLANG_WARN_BOOL_CONVERSION = YES;
				CLANG_WARN_CONSTANT_CONVERSION = YES;
				CLANG_WARN_DIRECT_OBJC_ISA_USAGE = YES_ERROR;
				CLANG_WARN_DOCUMENTATION_COMMENTS = YES;
				CLANG_WARN_EMPTY_BODY = YES;
				CLANG_WARN_ENUM_CONVERSION = YES;
				CLANG_WARN_INFINITE_RECURSION = YES;
				CLANG_WARN_INT_CONVERSION = YES;
				CLANG_WARN_OBJC_ROOT_CLASS = YES_ERROR;
				CLANG_WARN_SUSPICIOUS_MOVE = YES;
				CLANG_WARN_UNREACHABLE_CODE = YES;
				CLANG_WARN__DUPLICATE_METHOD_MATCH = YES;
				"CODE_SIGN_IDENTITY[sdk=iphoneos*]" = "iPhone Developer";
				COPY_PHASE_STRIP = NO;
				DEBUG_INFORMATION_FORMAT = dwarf;
				ENABLE_STRICT_OBJC_MSGSEND = YES;
				ENABLE_TESTABILITY = YES;
				GCC_C_LANGUAGE_STANDARD = gnu99;
				GCC_DYNAMIC_NO_PIC = NO;
				GCC_NO_COMMON_BLOCKS = YES;
				GCC_OPTIMIZATION_LEVEL = 0;
				GCC_PREPROCESSOR_DEFINITIONS = (
					"DEBUG=1",
					"$(inherited)",
				);
				GCC_WARN_64_TO_32_BIT_CONVERSION = YES;
				GCC_WARN_ABOUT_RETURN_TYPE = YES_ERROR;
				GCC_WARN_UNDECLARED_SELECTOR = YES;
				GCC_WARN_UNINITIALIZED_AUTOS = YES_AGGRESSIVE;
				GCC_WARN_UNUSED_FUNCTION = YES;
				GCC_WARN_UNUSED_VARIABLE = YES;
				IPHONEOS_DEPLOYMENT_TARGET = 10.3;
				MTL_ENABLE_DEBUG_INFO = YES;
				ONLY_ACTIVE_ARCH = YES;
				SDKROOT = iphoneos;
				SWIFT_ACTIVE_COMPILATION_CONDITIONS = DEBUG;
				SWIFT_OPTIMIZATION_LEVEL = "-Onone";
			};
			name = Debug;
		};
		3AF6DE401E96165900345854 /* Release */ = {
			isa = XCBuildConfiguration;
			buildSettings = {
				ALWAYS_SEARCH_USER_PATHS = NO;
				CLANG_ANALYZER_NONNULL = YES;
				CLANG_ANALYZER_NUMBER_OBJECT_CONVERSION = YES_AGGRESSIVE;
				CLANG_CXX_LANGUAGE_STANDARD = "gnu++0x";
				CLANG_CXX_LIBRARY = "libc++";
				CLANG_ENABLE_MODULES = YES;
				CLANG_ENABLE_OBJC_ARC = YES;
				CLANG_WARN_BOOL_CONVERSION = YES;
				CLANG_WARN_CONSTANT_CONVERSION = YES;
				CLANG_WARN_DIRECT_OBJC_ISA_USAGE = YES_ERROR;
				CLANG_WARN_DOCUMENTATION_COMMENTS = YES;
				CLANG_WARN_EMPTY_BODY = YES;
				CLANG_WARN_ENUM_CONVERSION = YES;
				CLANG_WARN_INFINITE_RECURSION = YES;
				CLANG_WARN_INT_CONVERSION = YES;
				CLANG_WARN_OBJC_ROOT_CLASS = YES_ERROR;
				CLANG_WARN_SUSPICIOUS_MOVE = YES;
				CLANG_WARN_UNREACHABLE_CODE = YES;
				CLANG_WARN__DUPLICATE_METHOD_MATCH = YES;
				"CODE_SIGN_IDENTITY[sdk=iphoneos*]" = "iPhone Developer";
				COPY_PHASE_STRIP = NO;
				DEBUG_INFORMATION_FORMAT = "dwarf-with-dsym";
				ENABLE_NS_ASSERTIONS = NO;
				ENABLE_STRICT_OBJC_MSGSEND = YES;
				GCC_C_LANGUAGE_STANDARD = gnu99;
				GCC_NO_COMMON_BLOCKS = YES;
				GCC_WARN_64_TO_32_BIT_CONVERSION = YES;
				GCC_WARN_ABOUT_RETURN_TYPE = YES_ERROR;
				GCC_WARN_UNDECLARED_SELECTOR = YES;
				GCC_WARN_UNINITIALIZED_AUTOS = YES_AGGRESSIVE;
				GCC_WARN_UNUSED_FUNCTION = YES;
				GCC_WARN_UNUSED_VARIABLE = YES;
				IPHONEOS_DEPLOYMENT_TARGET = 10.3;
				MTL_ENABLE_DEBUG_INFO = NO;
				SDKROOT = iphoneos;
				SWIFT_OPTIMIZATION_LEVEL = "-Owholemodule";
				VALIDATE_PRODUCT = YES;
			};
			name = Release;
		};
		3AF6DE421E96165900345854 /* Debug */ = {
			isa = XCBuildConfiguration;
			buildSettings = {
				ASSETCATALOG_COMPILER_APPICON_NAME = AppIcon;
				INFOPLIST_FILE = TTNumberKeyboard/Info.plist;
				LD_RUNPATH_SEARCH_PATHS = "$(inherited) @executable_path/Frameworks";
				PRODUCT_BUNDLE_IDENTIFIER = com.TTube.TTNumberKeyboard;
				PRODUCT_NAME = "$(TARGET_NAME)";
				SWIFT_VERSION = 3.0;
			};
			name = Debug;
		};
		3AF6DE431E96165900345854 /* Release */ = {
			isa = XCBuildConfiguration;
			buildSettings = {
				ASSETCATALOG_COMPILER_APPICON_NAME = AppIcon;
				INFOPLIST_FILE = TTNumberKeyboard/Info.plist;
				LD_RUNPATH_SEARCH_PATHS = "$(inherited) @executable_path/Frameworks";
				PRODUCT_BUNDLE_IDENTIFIER = com.TTube.TTNumberKeyboard;
				PRODUCT_NAME = "$(TARGET_NAME)";
				SWIFT_VERSION = 3.0;
			};
			name = Release;
		};
/* End XCBuildConfiguration section */

/* Begin XCConfigurationList section */
		3AF6DE2A1E96165900345854 /* Build configuration list for PBXProject "TTNumberKeyboard" */ = {
			isa = XCConfigurationList;
			buildConfigurations = (
				3AF6DE3F1E96165900345854 /* Debug */,
				3AF6DE401E96165900345854 /* Release */,
			);
			defaultConfigurationIsVisible = 0;
			defaultConfigurationName = Release;
		};
		3AF6DE411E96165900345854 /* Build configuration list for PBXNativeTarget "TTNumberKeyboard" */ = {
			isa = XCConfigurationList;
			buildConfigurations = (
				3AF6DE421E96165900345854 /* Debug */,
				3AF6DE431E96165900345854 /* Release */,
			);
			defaultConfigurationIsVisible = 0;
		};
/* End XCConfigurationList section */
	};
	rootObject = 3AF6DE271E96165900345854 /* Project object */;
}
